
Microsoft Visual Studio Solution File, Format Version 12.00
# Visual Studio Version 17
VisualStudioVersion = 17.4.33122.133
MinimumVisualStudioVersion = 10.0.40219.1
Project("{9A19103F-16F7-4668-BE54-9A1E7A4F7556}") = "Mapper", "Mapper\Mapper.csproj", "{36AEBDAA-1FA5-41C0-A974-C2E51CFDD6C0}"
EndProject
Global
	GlobalSection(SolutionConfigurationPlatforms) = preSolution
		Debug|Any CPU = Debug|Any CPU
		Release|Any CPU = Release|Any CPU
	EndGlobalSection
	GlobalSection(ProjectConfigurationPlatforms) = postSolution
		{36AEBDAA-1FA5-41C0-A974-C2E51CFDD6C0}.Debug|Any CPU.ActiveCfg = Debug|Any CPU
		{36AEBDAA-1FA5-41C0-A974-C2E51CFDD6C0}.Debug|Any CPU.Build.0 = Debug|Any CPU
		{36AEBDAA-1FA5-41C0-A974-C2E51CFDD6C0}.Release|Any CPU.ActiveCfg = Release|Any CPU
		{36AEBDAA-1FA5-41C0-A974-C2E51CFDD6C0}.Release|Any CPU.Build.0 = Release|Any CPU
	EndGlobalSection
	GlobalSection(SolutionProperties) = preSolution
		HideSolutionNode = FALSE
	EndGlobalSection
	GlobalSection(ExtensibilityGlobals) = postSolution
		SolutionGuid = {2C0AE09F-93E3-4B94-92B1-0949A37EC47C}
	EndGlobalSection
EndGlobal
